
Microsoft Visual Studio Solution File, Format Version 12.00
# Visual Studio 2012
Project("{FAE04EC0-301F-11D3-BF4B-00C04F79EFBC}") = "AHMED", "AHMED\AHMED.csproj", "{46211B00-CEF6-486B-B20C-EAACBF4E4DD9}"
	ProjectSection(ProjectDependencies) = postProject
		{B9D02F16-015B-4640-AED3-F850AE382A32} = {B9D02F16-015B-4640-AED3-F850AE382A32}
		{A479BFB8-948E-4CFB-B9AF-A8D1ACC4AF44} = {A479BFB8-948E-4CFB-B9AF-A8D1ACC4AF44}
	EndProjectSection
EndProject
Project("{FAE04EC0-301F-11D3-BF4B-00C04F79EFBC}") = "Genetics", "Genetics\Genetics.csproj", "{B9D02F16-015B-4640-AED3-F850AE382A32}"
EndProject
Project("{FAE04EC0-301F-11D3-BF4B-00C04F79EFBC}") = "Simulation", "Simulation\Simulation.csproj", "{A479BFB8-948E-4CFB-B9AF-A8D1ACC4AF44}"
EndProject
Project("{FAE04EC0-301F-11D3-BF4B-00C04F79EFBC}") = "Structure", "Structure\Structure.csproj", "{FE48DFF8-EACB-4778-9DF0-5D71A664927A}"
EndProject
Project("{FAE04EC0-301F-11D3-BF4B-00C04F79EFBC}") = "TestSimulator", "TestSimulator\TestSimulator.csproj", "{C06943F6-72AF-47B8-8CA8-89E256A1697A}"
EndProject
Project("{FAE04EC0-301F-11D3-BF4B-00C04F79EFBC}") = "SimpleVisualizer", "SimpleVisualizer\SimpleVisualizer.csproj", "{DC602539-E6E1-4851-A909-80E028FEB48F}"
EndProject
Project("{FAE04EC0-301F-11D3-BF4B-00C04F79EFBC}") = "Readers", "Readers\Readers.csproj", "{48F90F3F-81C4-4644-A392-D9E6A2052791}"
EndProject
Project("{FAE04EC0-301F-11D3-BF4B-00C04F79EFBC}") = "BuildingEditor", "BuildingEditor\BuildingEditor.csproj", "{BD97471A-48C6-48C2-83FD-75054045D0CF}"
EndProject
Project("{2150E333-8FDC-42A3-9474-1A3956D46DE8}") = ".nuget", ".nuget", "{64AE33FC-05A8-483C-8F04-0A82DC0EF2A9}"
	ProjectSection(SolutionItems) = preProject
		.nuget\NuGet.Config = .nuget\NuGet.Config
		.nuget\NuGet.exe = .nuget\NuGet.exe
		.nuget\NuGet.targets = .nuget\NuGet.targets
	EndProjectSection
EndProject
Project("{2150E333-8FDC-42A3-9474-1A3956D46DE8}") = "GeneticAlgorithm", "GeneticAlgorithm", "{FF1639CE-73D2-4B21-874B-512808808B75}"
EndProject
Project("{FAE04EC0-301F-11D3-BF4B-00C04F79EFBC}") = "GeneticAlgorithm", "GeneticAlgorithm\GeneticAlgorithm\GeneticAlgorithm.csproj", "{2F9368F3-05B9-4A87-9845-5AFAC662DE16}"
EndProject
Project("{FAE04EC0-301F-11D3-BF4B-00C04F79EFBC}") = "GeneticAlgorithmTest", "GeneticAlgorithm\GeneticAlgorithmTest\GeneticAlgorithmTest.csproj", "{64222020-EA56-4C57-92FA-03737CE4F448}"
EndProject
Global
	GlobalSection(SolutionConfigurationPlatforms) = preSolution
		Debug|Any CPU = Debug|Any CPU
		Release|Any CPU = Release|Any CPU
	EndGlobalSection
	GlobalSection(ProjectConfigurationPlatforms) = postSolution
		{46211B00-CEF6-486B-B20C-EAACBF4E4DD9}.Debug|Any CPU.ActiveCfg = Debug|Any CPU
		{46211B00-CEF6-486B-B20C-EAACBF4E4DD9}.Debug|Any CPU.Build.0 = Debug|Any CPU
		{46211B00-CEF6-486B-B20C-EAACBF4E4DD9}.Release|Any CPU.ActiveCfg = Release|Any CPU
		{46211B00-CEF6-486B-B20C-EAACBF4E4DD9}.Release|Any CPU.Build.0 = Release|Any CPU
		{B9D02F16-015B-4640-AED3-F850AE382A32}.Debug|Any CPU.ActiveCfg = Debug|Any CPU
		{B9D02F16-015B-4640-AED3-F850AE382A32}.Debug|Any CPU.Build.0 = Debug|Any CPU
		{B9D02F16-015B-4640-AED3-F850AE382A32}.Release|Any CPU.ActiveCfg = Release|Any CPU
		{B9D02F16-015B-4640-AED3-F850AE382A32}.Release|Any CPU.Build.0 = Release|Any CPU
		{A479BFB8-948E-4CFB-B9AF-A8D1ACC4AF44}.Debug|Any CPU.ActiveCfg = Debug|Any CPU
		{A479BFB8-948E-4CFB-B9AF-A8D1ACC4AF44}.Debug|Any CPU.Build.0 = Debug|Any CPU
		{A479BFB8-948E-4CFB-B9AF-A8D1ACC4AF44}.Release|Any CPU.ActiveCfg = Release|Any CPU
		{A479BFB8-948E-4CFB-B9AF-A8D1ACC4AF44}.Release|Any CPU.Build.0 = Release|Any CPU
		{FE48DFF8-EACB-4778-9DF0-5D71A664927A}.Debug|Any CPU.ActiveCfg = Debug|Any CPU
		{FE48DFF8-EACB-4778-9DF0-5D71A664927A}.Debug|Any CPU.Build.0 = Debug|Any CPU
		{FE48DFF8-EACB-4778-9DF0-5D71A664927A}.Release|Any CPU.ActiveCfg = Release|Any CPU
		{FE48DFF8-EACB-4778-9DF0-5D71A664927A}.Release|Any CPU.Build.0 = Release|Any CPU
		{C06943F6-72AF-47B8-8CA8-89E256A1697A}.Debug|Any CPU.ActiveCfg = Debug|Any CPU
		{C06943F6-72AF-47B8-8CA8-89E256A1697A}.Debug|Any CPU.Build.0 = Debug|Any CPU
		{C06943F6-72AF-47B8-8CA8-89E256A1697A}.Release|Any CPU.ActiveCfg = Release|Any CPU
		{C06943F6-72AF-47B8-8CA8-89E256A1697A}.Release|Any CPU.Build.0 = Release|Any CPU
		{DC602539-E6E1-4851-A909-80E028FEB48F}.Debug|Any CPU.ActiveCfg = Debug|Any CPU
		{DC602539-E6E1-4851-A909-80E028FEB48F}.Debug|Any CPU.Build.0 = Debug|Any CPU
		{DC602539-E6E1-4851-A909-80E028FEB48F}.Release|Any CPU.ActiveCfg = Release|Any CPU
		{DC602539-E6E1-4851-A909-80E028FEB48F}.Release|Any CPU.Build.0 = Release|Any CPU
		{48F90F3F-81C4-4644-A392-D9E6A2052791}.Debug|Any CPU.ActiveCfg = Debug|Any CPU
		{48F90F3F-81C4-4644-A392-D9E6A2052791}.Debug|Any CPU.Build.0 = Debug|Any CPU
		{48F90F3F-81C4-4644-A392-D9E6A2052791}.Release|Any CPU.ActiveCfg = Release|Any CPU
		{48F90F3F-81C4-4644-A392-D9E6A2052791}.Release|Any CPU.Build.0 = Release|Any CPU
		{BD97471A-48C6-48C2-83FD-75054045D0CF}.Debug|Any CPU.ActiveCfg = Debug|Any CPU
		{BD97471A-48C6-48C2-83FD-75054045D0CF}.Debug|Any CPU.Build.0 = Debug|Any CPU
		{BD97471A-48C6-48C2-83FD-75054045D0CF}.Release|Any CPU.ActiveCfg = Release|Any CPU
		{BD97471A-48C6-48C2-83FD-75054045D0CF}.Release|Any CPU.Build.0 = Release|Any CPU
		{2F9368F3-05B9-4A87-9845-5AFAC662DE16}.Debug|Any CPU.ActiveCfg = Debug|Any CPU
		{2F9368F3-05B9-4A87-9845-5AFAC662DE16}.Debug|Any CPU.Build.0 = Debug|Any CPU
		{2F9368F3-05B9-4A87-9845-5AFAC662DE16}.Release|Any CPU.ActiveCfg = Release|Any CPU
		{2F9368F3-05B9-4A87-9845-5AFAC662DE16}.Release|Any CPU.Build.0 = Release|Any CPU
		{64222020-EA56-4C57-92FA-03737CE4F448}.Debug|Any CPU.ActiveCfg = Debug|Any CPU
		{64222020-EA56-4C57-92FA-03737CE4F448}.Debug|Any CPU.Build.0 = Debug|Any CPU
		{64222020-EA56-4C57-92FA-03737CE4F448}.Release|Any CPU.ActiveCfg = Release|Any CPU
		{64222020-EA56-4C57-92FA-03737CE4F448}.Release|Any CPU.Build.0 = Release|Any CPU
	EndGlobalSection
	GlobalSection(SolutionProperties) = preSolution
		HideSolutionNode = FALSE
	EndGlobalSection
	GlobalSection(NestedProjects) = preSolution
		{2F9368F3-05B9-4A87-9845-5AFAC662DE16} = {FF1639CE-73D2-4B21-874B-512808808B75}
		{64222020-EA56-4C57-92FA-03737CE4F448} = {FF1639CE-73D2-4B21-874B-512808808B75}
	EndGlobalSection
EndGlobal
