
Microsoft Visual Studio Solution File, Format Version 12.00
# Visual Studio 2013
VisualStudioVersion = 12.0.31101.0
MinimumVisualStudioVersion = 10.0.40219.1
Project("{FAE04EC0-301F-11D3-BF4B-00C04F79EFBC}") = "Genetics", "Genetics\Genetics.csproj", "{B9D02F16-015B-4640-AED3-F850AE382A32}"
EndProject
Project("{FAE04EC0-301F-11D3-BF4B-00C04F79EFBC}") = "Simulation", "Simulation\Simulation.csproj", "{A479BFB8-948E-4CFB-B9AF-A8D1ACC4AF44}"
EndProject
Project("{FAE04EC0-301F-11D3-BF4B-00C04F79EFBC}") = "Structure", "Structure\Structure.csproj", "{FE48DFF8-EACB-4778-9DF0-5D71A664927A}"
EndProject
Project("{FAE04EC0-301F-11D3-BF4B-00C04F79EFBC}") = "BuildingEditor", "BuildingEditor\BuildingEditor.csproj", "{BD97471A-48C6-48C2-83FD-75054045D0CF}"
EndProject
Project("{2150E333-8FDC-42A3-9474-1A3956D46DE8}") = ".nuget", ".nuget", "{64AE33FC-05A8-483C-8F04-0A82DC0EF2A9}"
	ProjectSection(SolutionItems) = preProject
		.nuget\NuGet.Config = .nuget\NuGet.Config
		.nuget\NuGet.exe = .nuget\NuGet.exe
		.nuget\NuGet.targets = .nuget\NuGet.targets
	EndProjectSection
EndProject
Project("{2150E333-8FDC-42A3-9474-1A3956D46DE8}") = "GeneticAlgorithm", "GeneticAlgorithm", "{FF1639CE-73D2-4B21-874B-512808808B75}"
EndProject
Project("{FAE04EC0-301F-11D3-BF4B-00C04F79EFBC}") = "GeneticAlgorithm", "GeneticAlgorithm\GeneticAlgorithm\GeneticAlgorithm.csproj", "{2F9368F3-05B9-4A87-9845-5AFAC662DE16}"
EndProject
Project("{FAE04EC0-301F-11D3-BF4B-00C04F79EFBC}") = "GeneticAlgorithmTest", "GeneticAlgorithm\GeneticAlgorithmTest\GeneticAlgorithmTest.csproj", "{64222020-EA56-4C57-92FA-03737CE4F448}"
EndProject
Project("{FAE04EC0-301F-11D3-BF4B-00C04F79EFBC}") = "Common", "Common\Common.csproj", "{20218B54-B87A-4315-91E2-30CADA45CB93}"
EndProject
Project("{FAE04EC0-301F-11D3-BF4B-00C04F79EFBC}") = "Main", "Main\Main.csproj", "{C3A4AE1F-BE34-4D55-9BC1-7DCFCB507E7B}"
EndProject
Project("{2150E333-8FDC-42A3-9474-1A3956D46DE8}") = "Configuration", "Configuration", "{61C8A14C-E63A-470C-BCCD-F1CDE2D654A0}"
	ProjectSection(SolutionItems) = preProject
		Log4net.conf = Log4net.conf
	EndProjectSection
EndProject
Global
	GlobalSection(SolutionConfigurationPlatforms) = preSolution
		Debug|Any CPU = Debug|Any CPU
		Release|Any CPU = Release|Any CPU
	EndGlobalSection
	GlobalSection(ProjectConfigurationPlatforms) = postSolution
		{B9D02F16-015B-4640-AED3-F850AE382A32}.Debug|Any CPU.ActiveCfg = Debug|Any CPU
		{B9D02F16-015B-4640-AED3-F850AE382A32}.Debug|Any CPU.Build.0 = Debug|Any CPU
		{B9D02F16-015B-4640-AED3-F850AE382A32}.Release|Any CPU.ActiveCfg = Release|Any CPU
		{B9D02F16-015B-4640-AED3-F850AE382A32}.Release|Any CPU.Build.0 = Release|Any CPU
		{A479BFB8-948E-4CFB-B9AF-A8D1ACC4AF44}.Debug|Any CPU.ActiveCfg = Debug|Any CPU
		{A479BFB8-948E-4CFB-B9AF-A8D1ACC4AF44}.Debug|Any CPU.Build.0 = Debug|Any CPU
		{A479BFB8-948E-4CFB-B9AF-A8D1ACC4AF44}.Release|Any CPU.ActiveCfg = Release|Any CPU
		{A479BFB8-948E-4CFB-B9AF-A8D1ACC4AF44}.Release|Any CPU.Build.0 = Release|Any CPU
		{FE48DFF8-EACB-4778-9DF0-5D71A664927A}.Debug|Any CPU.ActiveCfg = Debug|Any CPU
		{FE48DFF8-EACB-4778-9DF0-5D71A664927A}.Debug|Any CPU.Build.0 = Debug|Any CPU
		{FE48DFF8-EACB-4778-9DF0-5D71A664927A}.Release|Any CPU.ActiveCfg = Release|Any CPU
		{FE48DFF8-EACB-4778-9DF0-5D71A664927A}.Release|Any CPU.Build.0 = Release|Any CPU
		{BD97471A-48C6-48C2-83FD-75054045D0CF}.Debug|Any CPU.ActiveCfg = Debug|Any CPU
		{BD97471A-48C6-48C2-83FD-75054045D0CF}.Debug|Any CPU.Build.0 = Debug|Any CPU
		{BD97471A-48C6-48C2-83FD-75054045D0CF}.Release|Any CPU.ActiveCfg = Release|Any CPU
		{BD97471A-48C6-48C2-83FD-75054045D0CF}.Release|Any CPU.Build.0 = Release|Any CPU
		{2F9368F3-05B9-4A87-9845-5AFAC662DE16}.Debug|Any CPU.ActiveCfg = Debug|Any CPU
		{2F9368F3-05B9-4A87-9845-5AFAC662DE16}.Debug|Any CPU.Build.0 = Debug|Any CPU
		{2F9368F3-05B9-4A87-9845-5AFAC662DE16}.Release|Any CPU.ActiveCfg = Release|Any CPU
		{2F9368F3-05B9-4A87-9845-5AFAC662DE16}.Release|Any CPU.Build.0 = Release|Any CPU
		{64222020-EA56-4C57-92FA-03737CE4F448}.Debug|Any CPU.ActiveCfg = Debug|Any CPU
		{64222020-EA56-4C57-92FA-03737CE4F448}.Debug|Any CPU.Build.0 = Debug|Any CPU
		{64222020-EA56-4C57-92FA-03737CE4F448}.Release|Any CPU.ActiveCfg = Release|Any CPU
		{64222020-EA56-4C57-92FA-03737CE4F448}.Release|Any CPU.Build.0 = Release|Any CPU
		{20218B54-B87A-4315-91E2-30CADA45CB93}.Debug|Any CPU.ActiveCfg = Debug|Any CPU
		{20218B54-B87A-4315-91E2-30CADA45CB93}.Debug|Any CPU.Build.0 = Debug|Any CPU
		{20218B54-B87A-4315-91E2-30CADA45CB93}.Release|Any CPU.ActiveCfg = Release|Any CPU
		{20218B54-B87A-4315-91E2-30CADA45CB93}.Release|Any CPU.Build.0 = Release|Any CPU
		{C3A4AE1F-BE34-4D55-9BC1-7DCFCB507E7B}.Debug|Any CPU.ActiveCfg = Debug|Any CPU
		{C3A4AE1F-BE34-4D55-9BC1-7DCFCB507E7B}.Debug|Any CPU.Build.0 = Debug|Any CPU
		{C3A4AE1F-BE34-4D55-9BC1-7DCFCB507E7B}.Release|Any CPU.ActiveCfg = Release|Any CPU
		{C3A4AE1F-BE34-4D55-9BC1-7DCFCB507E7B}.Release|Any CPU.Build.0 = Release|Any CPU
	EndGlobalSection
	GlobalSection(SolutionProperties) = preSolution
		HideSolutionNode = FALSE
	EndGlobalSection
	GlobalSection(NestedProjects) = preSolution
		{2F9368F3-05B9-4A87-9845-5AFAC662DE16} = {FF1639CE-73D2-4B21-874B-512808808B75}
		{64222020-EA56-4C57-92FA-03737CE4F448} = {FF1639CE-73D2-4B21-874B-512808808B75}
	EndGlobalSection
EndGlobal
